// !$*UTF8*$!
{
	archiveVersion = 1;
	classes = {
	};
	objectVersion = 46;
	objects = {

/* Begin PBXBuildFile section */
		19129A65893A8F1E2B21B563 /* Pods_DependenciesGraph.framework in Frameworks */ = {isa = PBXBuildFile; fileRef = 5B73EDA43FC7126E92E384CE /* Pods_DependenciesGraph.framework */; };
		B59464151F59B4D600335E8B /* AppDelegate.swift in Sources */ = {isa = PBXBuildFile; fileRef = B59464141F59B4D600335E8B /* AppDelegate.swift */; };
		B59464171F59B4D600335E8B /* ViewController.swift in Sources */ = {isa = PBXBuildFile; fileRef = B59464161F59B4D600335E8B /* ViewController.swift */; };
		B59464191F59B4D600335E8B /* Assets.xcassets in Resources */ = {isa = PBXBuildFile; fileRef = B59464181F59B4D600335E8B /* Assets.xcassets */; };
		B594641C1F59B4D600335E8B /* Main.storyboard in Resources */ = {isa = PBXBuildFile; fileRef = B594641A1F59B4D600335E8B /* Main.storyboard */; };
		B59464321F59B50300335E8B /* ShellCommandsExecutor.swift in Sources */ = {isa = PBXBuildFile; fileRef = B59464311F59B50300335E8B /* ShellCommandsExecutor.swift */; };
		B59464351F59B50C00335E8B /* SourceFileStructureParser.swift in Sources */ = {isa = PBXBuildFile; fileRef = B59464331F59B50C00335E8B /* SourceFileStructureParser.swift */; };
		B59464361F59B50C00335E8B /* SourceFileSyntaxParser.swift in Sources */ = {isa = PBXBuildFile; fileRef = B59464341F59B50C00335E8B /* SourceFileSyntaxParser.swift */; };
		B59464381F59B51F00335E8B /* FileReader.swift in Sources */ = {isa = PBXBuildFile; fileRef = B59464371F59B51F00335E8B /* FileReader.swift */; };
		B59464431F59B52A00335E8B /* Foo1.txt in Resources */ = {isa = PBXBuildFile; fileRef = B594643A1F59B52A00335E8B /* Foo1.txt */; };
		B59464441F59B52A00335E8B /* Foo1_syntax.json in Resources */ = {isa = PBXBuildFile; fileRef = B594643B1F59B52A00335E8B /* Foo1_syntax.json */; };
		B59464451F59B52A00335E8B /* Foo2.txt in Resources */ = {isa = PBXBuildFile; fileRef = B594643C1F59B52A00335E8B /* Foo2.txt */; };
		B59464461F59B52A00335E8B /* Foo2_syntax.json in Resources */ = {isa = PBXBuildFile; fileRef = B594643D1F59B52A00335E8B /* Foo2_syntax.json */; };
		B59464471F59B52A00335E8B /* Foo3.txt in Resources */ = {isa = PBXBuildFile; fileRef = B594643E1F59B52A00335E8B /* Foo3.txt */; };
		B59464481F59B52A00335E8B /* Foo3_structure.json in Resources */ = {isa = PBXBuildFile; fileRef = B594643F1F59B52A00335E8B /* Foo3_structure.json */; };
		B59464491F59B52A00335E8B /* Foo3_syntax.json in Resources */ = {isa = PBXBuildFile; fileRef = B59464401F59B52A00335E8B /* Foo3_syntax.json */; };
		B594644A1F59B52A00335E8B /* SourceFileStructureParserTests.swift in Sources */ = {isa = PBXBuildFile; fileRef = B59464411F59B52A00335E8B /* SourceFileStructureParserTests.swift */; };
		B594644B1F59B52A00335E8B /* SourceFileSyntaxParserTests.swift in Sources */ = {isa = PBXBuildFile; fileRef = B59464421F59B52A00335E8B /* SourceFileSyntaxParserTests.swift */; };
		B594644D1F5D37E800335E8B /* SourceFileClassesParser.swift in Sources */ = {isa = PBXBuildFile; fileRef = B594644C1F5D37E800335E8B /* SourceFileClassesParser.swift */; };
		B594644F1F5D471000335E8B /* SourceFileClassesParserTests.swift in Sources */ = {isa = PBXBuildFile; fileRef = B594644E1F5D471000335E8B /* SourceFileClassesParserTests.swift */; };
		B594655D1F61B31200335E8B /* DependenciesGraphCodeGenerator.swift in Sources */ = {isa = PBXBuildFile; fileRef = B594655C1F61B31200335E8B /* DependenciesGraphCodeGenerator.swift */; };
		B594655F1F61B31F00335E8B /* DependenciesGraphCodeGeneratorTests.swift in Sources */ = {isa = PBXBuildFile; fileRef = B594655E1F61B31F00335E8B /* DependenciesGraphCodeGeneratorTests.swift */; };
		B59465611F627C4400335E8B /* DependenciesGraphImageGenerator.swift in Sources */ = {isa = PBXBuildFile; fileRef = B59465601F627C4400335E8B /* DependenciesGraphImageGenerator.swift */; };
		B59465631F628CAC00335E8B /* AddToDoTableViewControllerScene.txt in Resources */ = {isa = PBXBuildFile; fileRef = B59465621F628CAC00335E8B /* AddToDoTableViewControllerScene.txt */; };
		B59465661F628D4800335E8B /* AddToDoTableViewControllerScene_structure.json in Resources */ = {isa = PBXBuildFile; fileRef = B59465641F628D4800335E8B /* AddToDoTableViewControllerScene_structure.json */; };
		B59465671F628D4800335E8B /* AddToDoTableViewControllerScene_syntax.json in Resources */ = {isa = PBXBuildFile; fileRef = B59465651F628D4800335E8B /* AddToDoTableViewControllerScene_syntax.json */; };
		B59465691F62A23A00335E8B /* SourceCodeReader.swift in Sources */ = {isa = PBXBuildFile; fileRef = B59465681F62A23A00335E8B /* SourceCodeReader.swift */; };
		B77F52B5508B1217BDB8DA5A /* Pods_DependenciesGraphTests.framework in Frameworks */ = {isa = PBXBuildFile; fileRef = FACA7E1885B2001227B1C208 /* Pods_DependenciesGraphTests.framework */; };
/* End PBXBuildFile section */

/* Begin PBXContainerItemProxy section */
		B59464231F59B4D700335E8B /* PBXContainerItemProxy */ = {
			isa = PBXContainerItemProxy;
			containerPortal = B59464091F59B4D600335E8B /* Project object */;
			proxyType = 1;
			remoteGlobalIDString = B59464101F59B4D600335E8B;
			remoteInfo = DependenciesGraph;
		};
/* End PBXContainerItemProxy section */

/* Begin PBXFileReference section */
		5B73EDA43FC7126E92E384CE /* Pods_DependenciesGraph.framework */ = {isa = PBXFileReference; explicitFileType = wrapper.framework; includeInIndex = 0; path = Pods_DependenciesGraph.framework; sourceTree = BUILT_PRODUCTS_DIR; };
		6ED7888455ACC3049BDE346E /* Pods-DependenciesGraphTests.debug.xcconfig */ = {isa = PBXFileReference; includeInIndex = 1; lastKnownFileType = text.xcconfig; name = "Pods-DependenciesGraphTests.debug.xcconfig"; path = "Pods/Target Support Files/Pods-DependenciesGraphTests/Pods-DependenciesGraphTests.debug.xcconfig"; sourceTree = "<group>"; };
		B59464111F59B4D600335E8B /* DependenciesGraph.app */ = {isa = PBXFileReference; explicitFileType = wrapper.application; includeInIndex = 0; path = DependenciesGraph.app; sourceTree = BUILT_PRODUCTS_DIR; };
		B59464141F59B4D600335E8B /* AppDelegate.swift */ = {isa = PBXFileReference; lastKnownFileType = sourcecode.swift; path = AppDelegate.swift; sourceTree = "<group>"; };
		B59464161F59B4D600335E8B /* ViewController.swift */ = {isa = PBXFileReference; lastKnownFileType = sourcecode.swift; path = ViewController.swift; sourceTree = "<group>"; };
		B59464181F59B4D600335E8B /* Assets.xcassets */ = {isa = PBXFileReference; lastKnownFileType = folder.assetcatalog; path = Assets.xcassets; sourceTree = "<group>"; };
		B594641B1F59B4D600335E8B /* Base */ = {isa = PBXFileReference; lastKnownFileType = file.storyboard; name = Base; path = Base.lproj/Main.storyboard; sourceTree = "<group>"; };
		B594641D1F59B4D600335E8B /* Info.plist */ = {isa = PBXFileReference; lastKnownFileType = text.plist.xml; path = Info.plist; sourceTree = "<group>"; };
		B59464221F59B4D700335E8B /* DependenciesGraphTests.xctest */ = {isa = PBXFileReference; explicitFileType = wrapper.cfbundle; includeInIndex = 0; path = DependenciesGraphTests.xctest; sourceTree = BUILT_PRODUCTS_DIR; };
		B59464281F59B4D700335E8B /* Info.plist */ = {isa = PBXFileReference; lastKnownFileType = text.plist.xml; path = Info.plist; sourceTree = "<group>"; };
		B59464311F59B50300335E8B /* ShellCommandsExecutor.swift */ = {isa = PBXFileReference; fileEncoding = 4; lastKnownFileType = sourcecode.swift; path = ShellCommandsExecutor.swift; sourceTree = "<group>"; };
		B59464331F59B50C00335E8B /* SourceFileStructureParser.swift */ = {isa = PBXFileReference; fileEncoding = 4; lastKnownFileType = sourcecode.swift; path = SourceFileStructureParser.swift; sourceTree = "<group>"; };
		B59464341F59B50C00335E8B /* SourceFileSyntaxParser.swift */ = {isa = PBXFileReference; fileEncoding = 4; lastKnownFileType = sourcecode.swift; path = SourceFileSyntaxParser.swift; sourceTree = "<group>"; };
		B59464371F59B51F00335E8B /* FileReader.swift */ = {isa = PBXFileReference; fileEncoding = 4; lastKnownFileType = sourcecode.swift; path = FileReader.swift; sourceTree = "<group>"; };
		B594643A1F59B52A00335E8B /* Foo1.txt */ = {isa = PBXFileReference; fileEncoding = 4; lastKnownFileType = text; path = Foo1.txt; sourceTree = "<group>"; };
		B594643B1F59B52A00335E8B /* Foo1_syntax.json */ = {isa = PBXFileReference; fileEncoding = 4; lastKnownFileType = text.json; path = Foo1_syntax.json; sourceTree = "<group>"; };
		B594643C1F59B52A00335E8B /* Foo2.txt */ = {isa = PBXFileReference; fileEncoding = 4; lastKnownFileType = text; path = Foo2.txt; sourceTree = "<group>"; };
		B594643D1F59B52A00335E8B /* Foo2_syntax.json */ = {isa = PBXFileReference; fileEncoding = 4; lastKnownFileType = text.json; path = Foo2_syntax.json; sourceTree = "<group>"; };
		B594643E1F59B52A00335E8B /* Foo3.txt */ = {isa = PBXFileReference; fileEncoding = 4; lastKnownFileType = text; path = Foo3.txt; sourceTree = "<group>"; };
		B594643F1F59B52A00335E8B /* Foo3_structure.json */ = {isa = PBXFileReference; fileEncoding = 4; lastKnownFileType = text.json; path = Foo3_structure.json; sourceTree = "<group>"; };
		B59464401F59B52A00335E8B /* Foo3_syntax.json */ = {isa = PBXFileReference; fileEncoding = 4; lastKnownFileType = text.json; path = Foo3_syntax.json; sourceTree = "<group>"; };
		B59464411F59B52A00335E8B /* SourceFileStructureParserTests.swift */ = {isa = PBXFileReference; fileEncoding = 4; lastKnownFileType = sourcecode.swift; path = SourceFileStructureParserTests.swift; sourceTree = "<group>"; };
		B59464421F59B52A00335E8B /* SourceFileSyntaxParserTests.swift */ = {isa = PBXFileReference; fileEncoding = 4; lastKnownFileType = sourcecode.swift; path = SourceFileSyntaxParserTests.swift; sourceTree = "<group>"; };
		B594644C1F5D37E800335E8B /* SourceFileClassesParser.swift */ = {isa = PBXFileReference; fileEncoding = 4; lastKnownFileType = sourcecode.swift; path = SourceFileClassesParser.swift; sourceTree = "<group>"; };
		B594644E1F5D471000335E8B /* SourceFileClassesParserTests.swift */ = {isa = PBXFileReference; fileEncoding = 4; lastKnownFileType = sourcecode.swift; path = SourceFileClassesParserTests.swift; sourceTree = "<group>"; };
		B594655C1F61B31200335E8B /* DependenciesGraphCodeGenerator.swift */ = {isa = PBXFileReference; fileEncoding = 4; lastKnownFileType = sourcecode.swift; path = DependenciesGraphCodeGenerator.swift; sourceTree = "<group>"; };
		B594655E1F61B31F00335E8B /* DependenciesGraphCodeGeneratorTests.swift */ = {isa = PBXFileReference; fileEncoding = 4; lastKnownFileType = sourcecode.swift; path = DependenciesGraphCodeGeneratorTests.swift; sourceTree = "<group>"; };
		B59465601F627C4400335E8B /* DependenciesGraphImageGenerator.swift */ = {isa = PBXFileReference; fileEncoding = 4; lastKnownFileType = sourcecode.swift; path = DependenciesGraphImageGenerator.swift; sourceTree = "<group>"; };
		B59465621F628CAC00335E8B /* AddToDoTableViewControllerScene.txt */ = {isa = PBXFileReference; fileEncoding = 4; lastKnownFileType = text; path = AddToDoTableViewControllerScene.txt; sourceTree = "<group>"; };
		B59465641F628D4800335E8B /* AddToDoTableViewControllerScene_structure.json */ = {isa = PBXFileReference; fileEncoding = 4; lastKnownFileType = text.json; path = AddToDoTableViewControllerScene_structure.json; sourceTree = "<group>"; };
		B59465651F628D4800335E8B /* AddToDoTableViewControllerScene_syntax.json */ = {isa = PBXFileReference; fileEncoding = 4; lastKnownFileType = text.json; path = AddToDoTableViewControllerScene_syntax.json; sourceTree = "<group>"; };
		B59465681F62A23A00335E8B /* SourceCodeReader.swift */ = {isa = PBXFileReference; fileEncoding = 4; lastKnownFileType = sourcecode.swift; path = SourceCodeReader.swift; sourceTree = "<group>"; };
		B89623192F0331904C152063 /* Pods-DependenciesGraph.release.xcconfig */ = {isa = PBXFileReference; includeInIndex = 1; lastKnownFileType = text.xcconfig; name = "Pods-DependenciesGraph.release.xcconfig"; path = "Pods/Target Support Files/Pods-DependenciesGraph/Pods-DependenciesGraph.release.xcconfig"; sourceTree = "<group>"; };
		EBCAA8753E6922D0D9C0DE48 /* Pods-DependenciesGraphTests.release.xcconfig */ = {isa = PBXFileReference; includeInIndex = 1; lastKnownFileType = text.xcconfig; name = "Pods-DependenciesGraphTests.release.xcconfig"; path = "Pods/Target Support Files/Pods-DependenciesGraphTests/Pods-DependenciesGraphTests.release.xcconfig"; sourceTree = "<group>"; };
		F01B450C7450E33DE060693E /* Pods-DependenciesGraph.debug.xcconfig */ = {isa = PBXFileReference; includeInIndex = 1; lastKnownFileType = text.xcconfig; name = "Pods-DependenciesGraph.debug.xcconfig"; path = "Pods/Target Support Files/Pods-DependenciesGraph/Pods-DependenciesGraph.debug.xcconfig"; sourceTree = "<group>"; };
		FACA7E1885B2001227B1C208 /* Pods_DependenciesGraphTests.framework */ = {isa = PBXFileReference; explicitFileType = wrapper.framework; includeInIndex = 0; path = Pods_DependenciesGraphTests.framework; sourceTree = BUILT_PRODUCTS_DIR; };
/* End PBXFileReference section */

/* Begin PBXFrameworksBuildPhase section */
		B594640E1F59B4D600335E8B /* Frameworks */ = {
			isa = PBXFrameworksBuildPhase;
			buildActionMask = 2147483647;
			files = (
				19129A65893A8F1E2B21B563 /* Pods_DependenciesGraph.framework in Frameworks */,
			);
			runOnlyForDeploymentPostprocessing = 0;
		};
		B594641F1F59B4D700335E8B /* Frameworks */ = {
			isa = PBXFrameworksBuildPhase;
			buildActionMask = 2147483647;
			files = (
				B77F52B5508B1217BDB8DA5A /* Pods_DependenciesGraphTests.framework in Frameworks */,
			);
			runOnlyForDeploymentPostprocessing = 0;
		};
/* End PBXFrameworksBuildPhase section */

/* Begin PBXGroup section */
		B0862DA8F9B9B0BDDE3C1381 /* Frameworks */ = {
			isa = PBXGroup;
			children = (
				5B73EDA43FC7126E92E384CE /* Pods_DependenciesGraph.framework */,
				FACA7E1885B2001227B1C208 /* Pods_DependenciesGraphTests.framework */,
			);
			name = Frameworks;
			sourceTree = "<group>";
		};
		B59464081F59B4D600335E8B = {
			isa = PBXGroup;
			children = (
				B59464131F59B4D600335E8B /* DependenciesGraph */,
				B59464251F59B4D700335E8B /* DependenciesGraphTests */,
				B59464121F59B4D600335E8B /* Products */,
				E5A13436D6E44097C00D741F /* Pods */,
				B0862DA8F9B9B0BDDE3C1381 /* Frameworks */,
			);
			sourceTree = "<group>";
		};
		B59464121F59B4D600335E8B /* Products */ = {
			isa = PBXGroup;
			children = (
				B59464111F59B4D600335E8B /* DependenciesGraph.app */,
				B59464221F59B4D700335E8B /* DependenciesGraphTests.xctest */,
			);
			name = Products;
			sourceTree = "<group>";
		};
		B59464131F59B4D600335E8B /* DependenciesGraph */ = {
			isa = PBXGroup;
			children = (
				B59464141F59B4D600335E8B /* AppDelegate.swift */,
				B59464161F59B4D600335E8B /* ViewController.swift */,
				B59464311F59B50300335E8B /* ShellCommandsExecutor.swift */,
				B59464331F59B50C00335E8B /* SourceFileStructureParser.swift */,
				B59464341F59B50C00335E8B /* SourceFileSyntaxParser.swift */,
				B594644C1F5D37E800335E8B /* SourceFileClassesParser.swift */,
				B594655C1F61B31200335E8B /* DependenciesGraphCodeGenerator.swift */,
				B59465601F627C4400335E8B /* DependenciesGraphImageGenerator.swift */,
				B59465681F62A23A00335E8B /* SourceCodeReader.swift */,
				B59464181F59B4D600335E8B /* Assets.xcassets */,
				B594641A1F59B4D600335E8B /* Main.storyboard */,
				B594641D1F59B4D600335E8B /* Info.plist */,
			);
			path = DependenciesGraph;
			sourceTree = "<group>";
		};
		B59464251F59B4D700335E8B /* DependenciesGraphTests */ = {
			isa = PBXGroup;
			children = (
				B59464281F59B4D700335E8B /* Info.plist */,
				B59464411F59B52A00335E8B /* SourceFileStructureParserTests.swift */,
				B59464421F59B52A00335E8B /* SourceFileSyntaxParserTests.swift */,
				B594644E1F5D471000335E8B /* SourceFileClassesParserTests.swift */,
				B594655E1F61B31F00335E8B /* DependenciesGraphCodeGeneratorTests.swift */,
				B59464371F59B51F00335E8B /* FileReader.swift */,
				B59464391F59B52A00335E8B /* Source Files */,
			);
			path = DependenciesGraphTests;
			sourceTree = "<group>";
		};
		B59464391F59B52A00335E8B /* Source Files */ = {
			isa = PBXGroup;
			children = (
				B594643A1F59B52A00335E8B /* Foo1.txt */,
				B594643B1F59B52A00335E8B /* Foo1_syntax.json */,
				B594643C1F59B52A00335E8B /* Foo2.txt */,
				B594643D1F59B52A00335E8B /* Foo2_syntax.json */,
				B594643E1F59B52A00335E8B /* Foo3.txt */,
				B594643F1F59B52A00335E8B /* Foo3_structure.json */,
				B59464401F59B52A00335E8B /* Foo3_syntax.json */,
				B59465621F628CAC00335E8B /* AddToDoTableViewControllerScene.txt */,
				B59465641F628D4800335E8B /* AddToDoTableViewControllerScene_structure.json */,
				B59465651F628D4800335E8B /* AddToDoTableViewControllerScene_syntax.json */,
			);
			path = "Source Files";
			sourceTree = "<group>";
		};
		E5A13436D6E44097C00D741F /* Pods */ = {
			isa = PBXGroup;
			children = (
				F01B450C7450E33DE060693E /* Pods-DependenciesGraph.debug.xcconfig */,
				B89623192F0331904C152063 /* Pods-DependenciesGraph.release.xcconfig */,
				6ED7888455ACC3049BDE346E /* Pods-DependenciesGraphTests.debug.xcconfig */,
				EBCAA8753E6922D0D9C0DE48 /* Pods-DependenciesGraphTests.release.xcconfig */,
			);
			name = Pods;
			sourceTree = "<group>";
		};
/* End PBXGroup section */

/* Begin PBXNativeTarget section */
		B59464101F59B4D600335E8B /* DependenciesGraph */ = {
			isa = PBXNativeTarget;
			buildConfigurationList = B594642B1F59B4D700335E8B /* Build configuration list for PBXNativeTarget "DependenciesGraph" */;
			buildPhases = (
				77CA4B53BD5173C80A904CCA /* [CP] Check Pods Manifest.lock */,
				B594640D1F59B4D600335E8B /* Sources */,
				B594640E1F59B4D600335E8B /* Frameworks */,
				B594640F1F59B4D600335E8B /* Resources */,
				2BC04674172F9E79AA00F8D0 /* [CP] Embed Pods Frameworks */,
				4F57713E42DCA9E6F9570CC1 /* [CP] Copy Pods Resources */,
			);
			buildRules = (
			);
			dependencies = (
			);
			name = DependenciesGraph;
			productName = DependenciesGraph;
			productReference = B59464111F59B4D600335E8B /* DependenciesGraph.app */;
			productType = "com.apple.product-type.application";
		};
		B59464211F59B4D700335E8B /* DependenciesGraphTests */ = {
			isa = PBXNativeTarget;
			buildConfigurationList = B594642E1F59B4D700335E8B /* Build configuration list for PBXNativeTarget "DependenciesGraphTests" */;
			buildPhases = (
				4099EA67B988FE46D079996C /* [CP] Check Pods Manifest.lock */,
				B594641E1F59B4D700335E8B /* Sources */,
				B594641F1F59B4D700335E8B /* Frameworks */,
				B59464201F59B4D700335E8B /* Resources */,
				FE4549EEDA13DB97690E6419 /* [CP] Embed Pods Frameworks */,
				C8F5BF46F2733CF4914F4BAD /* [CP] Copy Pods Resources */,
			);
			buildRules = (
			);
			dependencies = (
				B59464241F59B4D700335E8B /* PBXTargetDependency */,
			);
			name = DependenciesGraphTests;
			productName = DependenciesGraphTests;
			productReference = B59464221F59B4D700335E8B /* DependenciesGraphTests.xctest */;
			productType = "com.apple.product-type.bundle.unit-test";
		};
/* End PBXNativeTarget section */

/* Begin PBXProject section */
		B59464091F59B4D600335E8B /* Project object */ = {
			isa = PBXProject;
			attributes = {
				LastSwiftUpdateCheck = 0830;
				LastUpgradeCheck = 0830;
				ORGANIZATIONNAME = " Oleksiy Kovtun";
				TargetAttributes = {
					B59464101F59B4D600335E8B = {
						CreatedOnToolsVersion = 8.3.3;
						ProvisioningStyle = Automatic;
					};
					B59464211F59B4D700335E8B = {
						CreatedOnToolsVersion = 8.3.3;
						ProvisioningStyle = Automatic;
						TestTargetID = B59464101F59B4D600335E8B;
					};
				};
			};
			buildConfigurationList = B594640C1F59B4D600335E8B /* Build configuration list for PBXProject "DependenciesGraph" */;
			compatibilityVersion = "Xcode 3.2";
			developmentRegion = English;
			hasScannedForEncodings = 0;
			knownRegions = (
				en,
				Base,
			);
			mainGroup = B59464081F59B4D600335E8B;
			productRefGroup = B59464121F59B4D600335E8B /* Products */;
			projectDirPath = "";
			projectRoot = "";
			targets = (
				B59464101F59B4D600335E8B /* DependenciesGraph */,
				B59464211F59B4D700335E8B /* DependenciesGraphTests */,
			);
		};
/* End PBXProject section */

/* Begin PBXResourcesBuildPhase section */
		B594640F1F59B4D600335E8B /* Resources */ = {
			isa = PBXResourcesBuildPhase;
			buildActionMask = 2147483647;
			files = (
				B59464191F59B4D600335E8B /* Assets.xcassets in Resources */,
				B594641C1F59B4D600335E8B /* Main.storyboard in Resources */,
			);
			runOnlyForDeploymentPostprocessing = 0;
		};
		B59464201F59B4D700335E8B /* Resources */ = {
			isa = PBXResourcesBuildPhase;
			buildActionMask = 2147483647;
			files = (
				B59464471F59B52A00335E8B /* Foo3.txt in Resources */,
				B59464461F59B52A00335E8B /* Foo2_syntax.json in Resources */,
				B59464481F59B52A00335E8B /* Foo3_structure.json in Resources */,
				B59464431F59B52A00335E8B /* Foo1.txt in Resources */,
				B59464441F59B52A00335E8B /* Foo1_syntax.json in Resources */,
				B59464491F59B52A00335E8B /* Foo3_syntax.json in Resources */,
				B59464451F59B52A00335E8B /* Foo2.txt in Resources */,
				B59465631F628CAC00335E8B /* AddToDoTableViewControllerScene.txt in Resources */,
				B59465661F628D4800335E8B /* AddToDoTableViewControllerScene_structure.json in Resources */,
				B59465671F628D4800335E8B /* AddToDoTableViewControllerScene_syntax.json in Resources */,
			);
			runOnlyForDeploymentPostprocessing = 0;
		};
/* End PBXResourcesBuildPhase section */

/* Begin PBXShellScriptBuildPhase section */
		2BC04674172F9E79AA00F8D0 /* [CP] Embed Pods Frameworks */ = {
			isa = PBXShellScriptBuildPhase;
			buildActionMask = 2147483647;
			files = (
			);
			inputPaths = (
			);
			name = "[CP] Embed Pods Frameworks";
			outputPaths = (
			);
			runOnlyForDeploymentPostprocessing = 0;
			shellPath = /bin/sh;
			shellScript = "\"${SRCROOT}/Pods/Target Support Files/Pods-DependenciesGraph/Pods-DependenciesGraph-frameworks.sh\"\n";
			showEnvVarsInLog = 0;
		};
		4099EA67B988FE46D079996C /* [CP] Check Pods Manifest.lock */ = {
			isa = PBXShellScriptBuildPhase;
			buildActionMask = 2147483647;
			files = (
			);
			inputPaths = (
			);
			name = "[CP] Check Pods Manifest.lock";
			outputPaths = (
			);
			runOnlyForDeploymentPostprocessing = 0;
			shellPath = /bin/sh;
			shellScript = "diff \"${PODS_ROOT}/../Podfile.lock\" \"${PODS_ROOT}/Manifest.lock\" > /dev/null\nif [ $? != 0 ] ; then\n    # print error to STDERR\n    echo \"error: The sandbox is not in sync with the Podfile.lock. Run 'pod install' or update your CocoaPods installation.\" >&2\n    exit 1\nfi\n";
			showEnvVarsInLog = 0;
		};
		4F57713E42DCA9E6F9570CC1 /* [CP] Copy Pods Resources */ = {
			isa = PBXShellScriptBuildPhase;
			buildActionMask = 2147483647;
			files = (
			);
			inputPaths = (
			);
			name = "[CP] Copy Pods Resources";
			outputPaths = (
			);
			runOnlyForDeploymentPostprocessing = 0;
			shellPath = /bin/sh;
			shellScript = "\"${SRCROOT}/Pods/Target Support Files/Pods-DependenciesGraph/Pods-DependenciesGraph-resources.sh\"\n";
			showEnvVarsInLog = 0;
		};
		77CA4B53BD5173C80A904CCA /* [CP] Check Pods Manifest.lock */ = {
			isa = PBXShellScriptBuildPhase;
			buildActionMask = 2147483647;
			files = (
			);
			inputPaths = (
			);
			name = "[CP] Check Pods Manifest.lock";
			outputPaths = (
			);
			runOnlyForDeploymentPostprocessing = 0;
			shellPath = /bin/sh;
			shellScript = "diff \"${PODS_ROOT}/../Podfile.lock\" \"${PODS_ROOT}/Manifest.lock\" > /dev/null\nif [ $? != 0 ] ; then\n    # print error to STDERR\n    echo \"error: The sandbox is not in sync with the Podfile.lock. Run 'pod install' or update your CocoaPods installation.\" >&2\n    exit 1\nfi\n";
			showEnvVarsInLog = 0;
		};
		C8F5BF46F2733CF4914F4BAD /* [CP] Copy Pods Resources */ = {
			isa = PBXShellScriptBuildPhase;
			buildActionMask = 2147483647;
			files = (
			);
			inputPaths = (
			);
			name = "[CP] Copy Pods Resources";
			outputPaths = (
			);
			runOnlyForDeploymentPostprocessing = 0;
			shellPath = /bin/sh;
			shellScript = "\"${SRCROOT}/Pods/Target Support Files/Pods-DependenciesGraphTests/Pods-DependenciesGraphTests-resources.sh\"\n";
			showEnvVarsInLog = 0;
		};
		FE4549EEDA13DB97690E6419 /* [CP] Embed Pods Frameworks */ = {
			isa = PBXShellScriptBuildPhase;
			buildActionMask = 2147483647;
			files = (
			);
			inputPaths = (
			);
			name = "[CP] Embed Pods Frameworks";
			outputPaths = (
			);
			runOnlyForDeploymentPostprocessing = 0;
			shellPath = /bin/sh;
			shellScript = "\"${SRCROOT}/Pods/Target Support Files/Pods-DependenciesGraphTests/Pods-DependenciesGraphTests-frameworks.sh\"\n";
			showEnvVarsInLog = 0;
		};
/* End PBXShellScriptBuildPhase section */

/* Begin PBXSourcesBuildPhase section */
		B594640D1F59B4D600335E8B /* Sources */ = {
			isa = PBXSourcesBuildPhase;
			buildActionMask = 2147483647;
			files = (
				B59464171F59B4D600335E8B /* ViewController.swift in Sources */,
				B59464361F59B50C00335E8B /* SourceFileSyntaxParser.swift in Sources */,
				B594655D1F61B31200335E8B /* DependenciesGraphCodeGenerator.swift in Sources */,
				B59465611F627C4400335E8B /* DependenciesGraphImageGenerator.swift in Sources */,
				B59464351F59B50C00335E8B /* SourceFileStructureParser.swift in Sources */,
				B59465691F62A23A00335E8B /* SourceCodeReader.swift in Sources */,
				B59464151F59B4D600335E8B /* AppDelegate.swift in Sources */,
				B594644D1F5D37E800335E8B /* SourceFileClassesParser.swift in Sources */,
				B59464321F59B50300335E8B /* ShellCommandsExecutor.swift in Sources */,
			);
			runOnlyForDeploymentPostprocessing = 0;
		};
		B594641E1F59B4D700335E8B /* Sources */ = {
			isa = PBXSourcesBuildPhase;
			buildActionMask = 2147483647;
			files = (
				B594644F1F5D471000335E8B /* SourceFileClassesParserTests.swift in Sources */,
				B594655F1F61B31F00335E8B /* DependenciesGraphCodeGeneratorTests.swift in Sources */,
				B59464381F59B51F00335E8B /* FileReader.swift in Sources */,
				B594644A1F59B52A00335E8B /* SourceFileStructureParserTests.swift in Sources */,
				B594644B1F59B52A00335E8B /* SourceFileSyntaxParserTests.swift in Sources */,
			);
			runOnlyForDeploymentPostprocessing = 0;
		};
/* End PBXSourcesBuildPhase section */

/* Begin PBXTargetDependency section */
		B59464241F59B4D700335E8B /* PBXTargetDependency */ = {
			isa = PBXTargetDependency;
			target = B59464101F59B4D600335E8B /* DependenciesGraph */;
			targetProxy = B59464231F59B4D700335E8B /* PBXContainerItemProxy */;
		};
/* End PBXTargetDependency section */

/* Begin PBXVariantGroup section */
		B594641A1F59B4D600335E8B /* Main.storyboard */ = {
			isa = PBXVariantGroup;
			children = (
				B594641B1F59B4D600335E8B /* Base */,
			);
			name = Main.storyboard;
			sourceTree = "<group>";
		};
/* End PBXVariantGroup section */

/* Begin XCBuildConfiguration section */
		B59464291F59B4D700335E8B /* Debug */ = {
			isa = XCBuildConfiguration;
			buildSettings = {
				ALWAYS_SEARCH_USER_PATHS = NO;
				CLANG_ANALYZER_NONNULL = YES;
				CLANG_ANALYZER_NUMBER_OBJECT_CONVERSION = YES_AGGRESSIVE;
				CLANG_CXX_LANGUAGE_STANDARD = "gnu++0x";
				CLANG_CXX_LIBRARY = "libc++";
				CLANG_ENABLE_MODULES = YES;
				CLANG_ENABLE_OBJC_ARC = YES;
				CLANG_WARN_BOOL_CONVERSION = YES;
				CLANG_WARN_CONSTANT_CONVERSION = YES;
				CLANG_WARN_DIRECT_OBJC_ISA_USAGE = YES_ERROR;
				CLANG_WARN_DOCUMENTATION_COMMENTS = YES;
				CLANG_WARN_EMPTY_BODY = YES;
				CLANG_WARN_ENUM_CONVERSION = YES;
				CLANG_WARN_INFINITE_RECURSION = YES;
				CLANG_WARN_INT_CONVERSION = YES;
				CLANG_WARN_OBJC_ROOT_CLASS = YES_ERROR;
				CLANG_WARN_SUSPICIOUS_MOVE = YES;
				CLANG_WARN_UNREACHABLE_CODE = YES;
				CLANG_WARN__DUPLICATE_METHOD_MATCH = YES;
				CODE_SIGN_IDENTITY = "-";
				COPY_PHASE_STRIP = NO;
				DEBUG_INFORMATION_FORMAT = dwarf;
				ENABLE_STRICT_OBJC_MSGSEND = YES;
				ENABLE_TESTABILITY = YES;
				GCC_C_LANGUAGE_STANDARD = gnu99;
				GCC_DYNAMIC_NO_PIC = NO;
				GCC_NO_COMMON_BLOCKS = YES;
				GCC_OPTIMIZATION_LEVEL = 0;
				GCC_PREPROCESSOR_DEFINITIONS = (
					"DEBUG=1",
					"$(inherited)",
				);
				GCC_WARN_64_TO_32_BIT_CONVERSION = YES;
				GCC_WARN_ABOUT_RETURN_TYPE = YES_ERROR;
				GCC_WARN_UNDECLARED_SELECTOR = YES;
				GCC_WARN_UNINITIALIZED_AUTOS = YES_AGGRESSIVE;
				GCC_WARN_UNUSED_FUNCTION = YES;
				GCC_WARN_UNUSED_VARIABLE = YES;
				MACOSX_DEPLOYMENT_TARGET = 10.12;
				MTL_ENABLE_DEBUG_INFO = YES;
				ONLY_ACTIVE_ARCH = YES;
				SDKROOT = macosx;
				SWIFT_ACTIVE_COMPILATION_CONDITIONS = DEBUG;
				SWIFT_OPTIMIZATION_LEVEL = "-Onone";
			};
			name = Debug;
		};
		B594642A1F59B4D700335E8B /* Release */ = {
			isa = XCBuildConfiguration;
			buildSettings = {
				ALWAYS_SEARCH_USER_PATHS = NO;
				CLANG_ANALYZER_NONNULL = YES;
				CLANG_ANALYZER_NUMBER_OBJECT_CONVERSION = YES_AGGRESSIVE;
				CLANG_CXX_LANGUAGE_STANDARD = "gnu++0x";
				CLANG_CXX_LIBRARY = "libc++";
				CLANG_ENABLE_MODULES = YES;
				CLANG_ENABLE_OBJC_ARC = YES;
				CLANG_WARN_BOOL_CONVERSION = YES;
				CLANG_WARN_CONSTANT_CONVERSION = YES;
				CLANG_WARN_DIRECT_OBJC_ISA_USAGE = YES_ERROR;
				CLANG_WARN_DOCUMENTATION_COMMENTS = YES;
				CLANG_WARN_EMPTY_BODY = YES;
				CLANG_WARN_ENUM_CONVERSION = YES;
				CLANG_WARN_INFINITE_RECURSION = YES;
				CLANG_WARN_INT_CONVERSION = YES;
				CLANG_WARN_OBJC_ROOT_CLASS = YES_ERROR;
				CLANG_WARN_SUSPICIOUS_MOVE = YES;
				CLANG_WARN_UNREACHABLE_CODE = YES;
				CLANG_WARN__DUPLICATE_METHOD_MATCH = YES;
				CODE_SIGN_IDENTITY = "-";
				COPY_PHASE_STRIP = NO;
				DEBUG_INFORMATION_FORMAT = "dwarf-with-dsym";
				ENABLE_NS_ASSERTIONS = NO;
				ENABLE_STRICT_OBJC_MSGSEND = YES;
				GCC_C_LANGUAGE_STANDARD = gnu99;
				GCC_NO_COMMON_BLOCKS = YES;
				GCC_WARN_64_TO_32_BIT_CONVERSION = YES;
				GCC_WARN_ABOUT_RETURN_TYPE = YES_ERROR;
				GCC_WARN_UNDECLARED_SELECTOR = YES;
				GCC_WARN_UNINITIALIZED_AUTOS = YES_AGGRESSIVE;
				GCC_WARN_UNUSED_FUNCTION = YES;
				GCC_WARN_UNUSED_VARIABLE = YES;
				MACOSX_DEPLOYMENT_TARGET = 10.12;
				MTL_ENABLE_DEBUG_INFO = NO;
				SDKROOT = macosx;
				SWIFT_OPTIMIZATION_LEVEL = "-Owholemodule";
			};
			name = Release;
		};
		B594642C1F59B4D700335E8B /* Debug */ = {
			isa = XCBuildConfiguration;
			baseConfigurationReference = F01B450C7450E33DE060693E /* Pods-DependenciesGraph.debug.xcconfig */;
			buildSettings = {
				ASSETCATALOG_COMPILER_APPICON_NAME = AppIcon;
				COMBINE_HIDPI_IMAGES = YES;
				INFOPLIST_FILE = DependenciesGraph/Info.plist;
				LD_RUNPATH_SEARCH_PATHS = "$(inherited) @executable_path/../Frameworks";
				PRODUCT_BUNDLE_IDENTIFIER = com.DependenciesGraph;
				PRODUCT_NAME = "$(TARGET_NAME)";
				SWIFT_VERSION = 3.0;
			};
			name = Debug;
		};
		B594642D1F59B4D700335E8B /* Release */ = {
			isa = XCBuildConfiguration;
			baseConfigurationReference = B89623192F0331904C152063 /* Pods-DependenciesGraph.release.xcconfig */;
			buildSettings = {
				ASSETCATALOG_COMPILER_APPICON_NAME = AppIcon;
				COMBINE_HIDPI_IMAGES = YES;
				INFOPLIST_FILE = DependenciesGraph/Info.plist;
				LD_RUNPATH_SEARCH_PATHS = "$(inherited) @executable_path/../Frameworks";
				PRODUCT_BUNDLE_IDENTIFIER = com.DependenciesGraph;
				PRODUCT_NAME = "$(TARGET_NAME)";
				SWIFT_VERSION = 3.0;
			};
			name = Release;
		};
		B594642F1F59B4D700335E8B /* Debug */ = {
			isa = XCBuildConfiguration;
			baseConfigurationReference = 6ED7888455ACC3049BDE346E /* Pods-DependenciesGraphTests.debug.xcconfig */;
			buildSettings = {
				ALWAYS_EMBED_SWIFT_STANDARD_LIBRARIES = YES;
				BUNDLE_LOADER = "$(TEST_HOST)";
				COMBINE_HIDPI_IMAGES = YES;
				INFOPLIST_FILE = DependenciesGraphTests/Info.plist;
				LD_RUNPATH_SEARCH_PATHS = "$(inherited) @executable_path/../Frameworks @loader_path/../Frameworks";
				PRODUCT_BUNDLE_IDENTIFIER = com.DependenciesGraphTests;
				PRODUCT_NAME = "$(TARGET_NAME)";
				SWIFT_VERSION = 3.0;
				TEST_HOST = "$(BUILT_PRODUCTS_DIR)/DependenciesGraph.app/Contents/MacOS/DependenciesGraph";
			};
			name = Debug;
		};
		B59464301F59B4D700335E8B /* Release */ = {
			isa = XCBuildConfiguration;
			baseConfigurationReference = EBCAA8753E6922D0D9C0DE48 /* Pods-DependenciesGraphTests.release.xcconfig */;
			buildSettings = {
				ALWAYS_EMBED_SWIFT_STANDARD_LIBRARIES = YES;
				BUNDLE_LOADER = "$(TEST_HOST)";
				COMBINE_HIDPI_IMAGES = YES;
				INFOPLIST_FILE = DependenciesGraphTests/Info.plist;
				LD_RUNPATH_SEARCH_PATHS = "$(inherited) @executable_path/../Frameworks @loader_path/../Frameworks";
				PRODUCT_BUNDLE_IDENTIFIER = com.DependenciesGraphTests;
				PRODUCT_NAME = "$(TARGET_NAME)";
				SWIFT_VERSION = 3.0;
				TEST_HOST = "$(BUILT_PRODUCTS_DIR)/DependenciesGraph.app/Contents/MacOS/DependenciesGraph";
			};
			name = Release;
		};
/* End XCBuildConfiguration section */

/* Begin XCConfigurationList section */
		B594640C1F59B4D600335E8B /* Build configuration list for PBXProject "DependenciesGraph" */ = {
			isa = XCConfigurationList;
			buildConfigurations = (
				B59464291F59B4D700335E8B /* Debug */,
				B594642A1F59B4D700335E8B /* Release */,
			);
			defaultConfigurationIsVisible = 0;
			defaultConfigurationName = Release;
		};
		B594642B1F59B4D700335E8B /* Build configuration list for PBXNativeTarget "DependenciesGraph" */ = {
			isa = XCConfigurationList;
			buildConfigurations = (
				B594642C1F59B4D700335E8B /* Debug */,
				B594642D1F59B4D700335E8B /* Release */,
			);
			defaultConfigurationIsVisible = 0;
			defaultConfigurationName = Release;
		};
		B594642E1F59B4D700335E8B /* Build configuration list for PBXNativeTarget "DependenciesGraphTests" */ = {
			isa = XCConfigurationList;
			buildConfigurations = (
				B594642F1F59B4D700335E8B /* Debug */,
				B59464301F59B4D700335E8B /* Release */,
			);
			defaultConfigurationIsVisible = 0;
			defaultConfigurationName = Release;
		};
/* End XCConfigurationList section */
	};
	rootObject = B59464091F59B4D600335E8B /* Project object */;
}
